{
    "_readme": [
        "This file locks the dependencies of your project to a known state",
        "Read more about it at https://getcomposer.org/doc/01-basic-usage.md#installing-dependencies",
        "This file is @generated automatically"
    ],
    "content-hash": "444a5405aad642f590940d718bdd790c",
    "packages": [
        {
            "name": "composer/semver",
            "version": "dev-master",
            "source": {
                "type": "git",
                "url": "https://github.com/composer/semver.git",
                "reference": "2b303e43d14d15cc90c8e8db4a1cdb6259f1a5c5"
            },
            "dist": {
                "type": "zip",
                "url": "https://api.github.com/repos/composer/semver/zipball/2b303e43d14d15cc90c8e8db4a1cdb6259f1a5c5",
                "reference": "2b303e43d14d15cc90c8e8db4a1cdb6259f1a5c5",
                "shasum": ""
            },
            "require": {
                "php": "^5.3.2 || ^7.0"
            },
            "require-dev": {
                "phpunit/phpunit": "^4.5 || ^5.0.5",
                "phpunit/phpunit-mock-objects": "2.3.0 || ^3.0"
            },
            "type": "library",
            "extra": {
                "branch-alias": {
                    "dev-master": "1.x-dev"
                }
            },
            "autoload": {
                "psr-4": {
                    "Composer\\Semver\\": "src"
                }
            },
            "notification-url": "https://packagist.org/downloads/",
            "license": [
                "MIT"
            ],
            "authors": [
                {
                    "name": "Nils Adermann",
                    "email": "naderman@naderman.de",
                    "homepage": "http://www.naderman.de"
                },
                {
                    "name": "Jordi Boggiano",
                    "email": "j.boggiano@seld.be",
                    "homepage": "http://seld.be"
                },
                {
                    "name": "Rob Bast",
                    "email": "rob.bast@gmail.com",
                    "homepage": "http://robbast.nl"
                }
            ],
            "description": "Semver library that offers utilities, version constraint parsing and validation.",
            "keywords": [
                "semantic",
                "semver",
                "validation",
                "versioning"
            ],
            "time": "2017-11-06T09:05:54+00:00"
        },
        {
            "name": "ircmaxell/random-lib",
            "version": "v1.2.0",
            "source": {
                "type": "git",
                "url": "https://github.com/ircmaxell/RandomLib.git",
                "reference": "e9e0204f40e49fa4419946c677eccd3fa25b8cf4"
            },
            "dist": {
                "type": "zip",
                "url": "https://api.github.com/repos/ircmaxell/RandomLib/zipball/e9e0204f40e49fa4419946c677eccd3fa25b8cf4",
                "reference": "e9e0204f40e49fa4419946c677eccd3fa25b8cf4",
                "shasum": ""
            },
            "require": {
                "ircmaxell/security-lib": "^1.1",
                "php": ">=5.3.2"
            },
            "require-dev": {
                "friendsofphp/php-cs-fixer": "^1.11",
                "mikey179/vfsstream": "^1.6",
                "phpunit/phpunit": "^4.8|^5.0"
            },
            "type": "library",
            "extra": {
                "branch-alias": {
                    "dev-master": "1.1.x-dev"
                }
            },
            "autoload": {
                "psr-0": {
                    "RandomLib": "lib"
                }
            },
            "notification-url": "https://packagist.org/downloads/",
            "license": [
                "MIT"
            ],
            "authors": [
                {
                    "name": "Anthony Ferrara",
                    "email": "ircmaxell@ircmaxell.com",
                    "homepage": "http://blog.ircmaxell.com"
                }
            ],
            "description": "A Library For Generating Secure Random Numbers",
            "homepage": "https://github.com/ircmaxell/RandomLib",
            "keywords": [
                "cryptography",
                "random",
                "random-numbers",
                "random-strings"
            ],
            "time": "2016-09-07T15:52:06+00:00"
        },
        {
            "name": "ircmaxell/security-lib",
            "version": "v1.1.0",
            "source": {
                "type": "git",
                "url": "https://github.com/ircmaxell/SecurityLib.git",
                "reference": "f3db6de12c20c9bcd1aa3db4353a1bbe0e44e1b5"
            },
            "dist": {
                "type": "zip",
                "url": "https://api.github.com/repos/ircmaxell/SecurityLib/zipball/f3db6de12c20c9bcd1aa3db4353a1bbe0e44e1b5",
                "reference": "f3db6de12c20c9bcd1aa3db4353a1bbe0e44e1b5",
                "shasum": ""
            },
            "require": {
                "php": ">=5.3.2"
            },
            "require-dev": {
                "mikey179/vfsstream": "1.1.*"
            },
            "type": "library",
            "extra": {
                "branch-alias": {
                    "dev-master": "1.0.x-dev"
                }
            },
            "autoload": {
                "psr-0": {
                    "SecurityLib": "lib"
                }
            },
            "notification-url": "https://packagist.org/downloads/",
            "license": [
                "MIT"
            ],
            "authors": [
                {
                    "name": "Anthony Ferrara",
                    "email": "ircmaxell@ircmaxell.com",
                    "homepage": "http://blog.ircmaxell.com"
                }
            ],
            "description": "A Base Security Library",
            "homepage": "https://github.com/ircmaxell/SecurityLib",
            "time": "2015-03-20T14:31:23+00:00"
        },
        {
            "name": "phpgt/build",
            "version": "dev-master",
            "source": {
                "type": "git",
                "url": "https://github.com/PhpGt/Build.git",
                "reference": "25868f28d1b4d7f9dc335e53aad4a5e6d5a06ebc"
            },
            "dist": {
                "type": "zip",
                "url": "https://api.github.com/repos/PhpGt/Build/zipball/25868f28d1b4d7f9dc335e53aad4a5e6d5a06ebc",
                "reference": "25868f28d1b4d7f9dc335e53aad4a5e6d5a06ebc",
                "shasum": ""
            },
            "require": {
                "composer/semver": "^1.4",
                "php": "^7.1",
                "webmozart/glob": "^4.1"
            },
            "require-dev": {
                "phpunit/phpunit": "^6.4"
            },
            "bin": [
                "bin/build"
            ],
            "type": "library",
            "autoload": {
                "psr-4": {
                    "Gt\\Build\\": "./src"
                }
            },
            "notification-url": "https://packagist.org/downloads/",
            "license": [
                "MIT"
            ],
            "description": "Build system for PHP 7 projects.",
            "time": "2018-03-23T17:52:57+00:00"
        },
        {
            "name": "phpgt/config",
            "version": "dev-master",
            "source": {
                "type": "git",
                "url": "https://github.com/PhpGt/Config.git",
                "reference": "1ac880c819879af8f62b41b0289fe8ffd2f8104e"
            },
            "dist": {
                "type": "zip",
                "url": "https://api.github.com/repos/PhpGt/Config/zipball/1ac880c819879af8f62b41b0289fe8ffd2f8104e",
                "reference": "1ac880c819879af8f62b41b0289fe8ffd2f8104e",
                "shasum": ""
            },
            "require": {
                "php": ">=7.1.0"
            },
            "require-dev": {
                "phpunit/phpunit": "6.4.*"
            },
            "type": "library",
            "autoload": {
                "psr-4": {
                    "Gt\\Config\\": "./src"
                }
            },
            "notification-url": "https://packagist.org/downloads/",
            "license": [
                "MIT"
            ],
            "authors": [
                {
                    "name": "Greg Bowler",
                    "email": "greg.bowler@g105b.com"
                }
            ],
            "description": "Load configuration from ini files or environment variables.",
            "time": "2018-03-23T17:52:57+00:00"
        },
        {
            "name": "phpgt/cookie",
            "version": "dev-master",
            "source": {
                "type": "git",
                "url": "https://github.com/PhpGt/Cookie.git",
                "reference": "aa735fa635d8a816b06bde380ddb82f2dbd03c05"
            },
            "dist": {
                "type": "zip",
                "url": "https://api.github.com/repos/PhpGt/Cookie/zipball/aa735fa635d8a816b06bde380ddb82f2dbd03c05",
                "reference": "aa735fa635d8a816b06bde380ddb82f2dbd03c05",
                "shasum": ""
            },
            "require": {
                "php": "^7.1"
            },
            "require-dev": {
                "phpunit/phpunit": "^6.4"
            },
            "type": "library",
            "autoload": {
                "psr-4": {
                    "Gt\\Cookie\\": "./src"
                }
            },
            "notification-url": "https://packagist.org/downloads/",
            "license": [
                "MIT"
            ],
            "authors": [
                {
                    "name": "Greg Bowler",
                    "email": "greg.bowler@g105b.com"
                }
            ],
            "description": "Object oriented cookie handler.",
            "time": "2018-03-23T17:52:55+00:00"
        },
        {
            "name": "phpgt/csrf",
            "version": "dev-master",
            "source": {
                "type": "git",
                "url": "https://github.com/PhpGt/Csrf.git",
                "reference": "6b89e543b314a3c0a1de6216f71fa185b186f512"
            },
            "dist": {
                "type": "zip",
                "url": "https://api.github.com/repos/PhpGt/Csrf/zipball/6b89e543b314a3c0a1de6216f71fa185b186f512",
                "reference": "6b89e543b314a3c0a1de6216f71fa185b186f512",
                "shasum": ""
            },
            "require": {
                "ircmaxell/random-lib": "^1.2",
                "php": ">=7.1",
                "phpgt/dom": ">1.0"
            },
            "require-dev": {
                "phpunit/phpunit": "^6.4"
            },
            "type": "library",
            "autoload": {
                "psr-4": {
                    "Gt\\Csrf\\": "./src"
                }
            },
            "notification-url": "https://packagist.org/downloads/",
            "license": [
                "MIT"
            ],
            "authors": [
                {
                    "name": "James Fellows",
                    "email": "mrfellows@gmail.com",
                    "role": "Developer"
                },
                {
                    "name": "Greg Bowler",
                    "email": "greg.bowler@g105b.com",
                    "role": "Developer"
                }
            ],
            "description": "Automatic protection from Cross-Site Request Forgery.",
            "time": "2018-04-13T23:23:13+00:00"
        },
        {
            "name": "phpgt/database",
            "version": "dev-master",
            "source": {
                "type": "git",
                "url": "https://github.com/PhpGt/Database.git",
                "reference": "27e5b70dced53d8cf5452e88c7244789f91274e5"
            },
            "dist": {
                "type": "zip",
                "url": "https://api.github.com/repos/PhpGt/Database/zipball/27e5b70dced53d8cf5452e88c7244789f91274e5",
                "reference": "27e5b70dced53d8cf5452e88c7244789f91274e5",
                "shasum": ""
            },
            "require": {
                "ext-pdo": "*",
                "php": "^7.1"
            },
            "require-dev": {
                "ext-sqlite3": "*",
                "phpunit/phpunit": "^6.3"
            },
            "bin": [
                "bin/db-migrate"
            ],
            "type": "library",
            "autoload": {
                "psr-4": {
                    "Gt\\Database\\": "./src"
                }
            },
            "notification-url": "https://packagist.org/downloads/",
            "license": [
                "MIT"
            ],
            "authors": [
                {
                    "name": "Greg Bowler",
                    "email": "greg.bowler@g105b.com"
                }
            ],
            "description": "Database API organisation for PHP 7 projects.",
            "time": "2018-03-23T17:51:53+00:00"
        },
        {
            "name": "phpgt/dom",
            "version": "dev-master",
            "source": {
                "type": "git",
                "url": "https://github.com/PhpGt/Dom.git",
                "reference": "4f0c0a62390b2df3e8b82cccd8e96bf25a5486ae"
            },
            "dist": {
                "type": "zip",
                "url": "https://api.github.com/repos/PhpGt/Dom/zipball/4f0c0a62390b2df3e8b82cccd8e96bf25a5486ae",
                "reference": "4f0c0a62390b2df3e8b82cccd8e96bf25a5486ae",
                "shasum": ""
            },
            "require": {
                "php": ">=7.1.0",
                "symfony/css-selector": "3.2.*"
            },
            "require-dev": {
                "phpunit/phpunit": "^6.4"
            },
            "type": "library",
            "autoload": {
                "psr-4": {
                    "Gt\\Dom\\": "./src"
                }
            },
            "notification-url": "https://packagist.org/downloads/",
            "license": [
                "MIT"
            ],
            "authors": [
                {
                    "name": "Greg Bowler",
                    "email": "greg.bowler@g105b.com"
                }
            ],
            "description": "The modern DOM API for PHP 7 projects.",
            "time": "2017-12-27T17:34:04+00:00"
        },
        {
            "name": "phpgt/domtemplate",
            "version": "dev-master",
            "source": {
                "type": "git",
                "url": "https://github.com/PhpGt/DomTemplate.git",
                "reference": "c4f1386b4a335aeb4bab35a155e62fa09dba6310"
            },
            "dist": {
                "type": "zip",
                "url": "https://api.github.com/repos/PhpGt/DomTemplate/zipball/c4f1386b4a335aeb4bab35a155e62fa09dba6310",
                "reference": "c4f1386b4a335aeb4bab35a155e62fa09dba6310",
                "shasum": ""
            },
            "require": {
                "phpgt/dom": "dev-master"
            },
            "require-dev": {
                "phpunit/phpunit": "^6.4"
            },
            "type": "library",
            "autoload": {
                "psr-4": {
                    "Gt\\DomTemplate\\": "./src"
                }
            },
            "notification-url": "https://packagist.org/downloads/",
            "license": [
                "MIT"
            ],
            "description": "Bind dynamic data to reusable HTML components.",
            "time": "2018-03-23T22:47:41+00:00"
        },
        {
            "name": "phpgt/http",
            "version": "dev-master",
            "source": {
                "type": "git",
                "url": "https://github.com/PhpGt/Http.git",
                "reference": "e134216bd2cadc7d7056e1c5db320aa7529bdd1e"
            },
            "dist": {
                "type": "zip",
                "url": "https://api.github.com/repos/PhpGt/Http/zipball/e134216bd2cadc7d7056e1c5db320aa7529bdd1e",
                "reference": "e134216bd2cadc7d7056e1c5db320aa7529bdd1e",
                "shasum": ""
            },
            "require": {
                "php": ">=7.1",
                "phpgt/cookie": "dev-master",
                "phpgt/input": "dev-master",
                "psr/http-message": "^1.0@dev",
                "willdurand/negotiation": "^2.3"
            },
            "require-dev": {
                "phpunit/phpunit": "^6.4"
            },
            "type": "library",
            "autoload": {
                "psr-4": {
                    "Gt\\Http\\": "./src"
                }
            },
            "notification-url": "https://packagist.org/downloads/",
            "license": [
                "MIT"
            ],
            "description": "PSR-7 HTTP message implementation.",
            "time": "2018-03-23T17:52:56+00:00"
        },
        {
            "name": "phpgt/input",
            "version": "dev-master",
            "source": {
                "type": "git",
                "url": "https://github.com/PhpGt/Input.git",
                "reference": "595e86b85a593e12ce9432f58da0acd90e21c4c4"
            },
            "dist": {
                "type": "zip",
                "url": "https://api.github.com/repos/PhpGt/Input/zipball/595e86b85a593e12ce9432f58da0acd90e21c4c4",
                "reference": "595e86b85a593e12ce9432f58da0acd90e21c4c4",
                "shasum": ""
            },
            "require": {
                "phpgt/http": "dev-master"
            },
            "require-dev": {
                "phpunit/phpunit": "^6.4"
            },
            "type": "library",
            "autoload": {
                "psr-4": {
                    "Gt\\Input\\": "./src"
                }
            },
            "notification-url": "https://packagist.org/downloads/",
            "license": [
                "MIT"
            ],
            "description": "Encapsulated user input.",
            "time": "2018-03-23T17:52:56+00:00"
        },
        {
            "name": "phpgt/protectedglobal",
            "version": "dev-master",
            "source": {
                "type": "git",
                "url": "https://github.com/PhpGt/ProtectedGlobal.git",
                "reference": "6482caa253b34863c90a31b911203b3b40a31486"
            },
            "dist": {
                "type": "zip",
                "url": "https://api.github.com/repos/PhpGt/ProtectedGlobal/zipball/6482caa253b34863c90a31b911203b3b40a31486",
                "reference": "6482caa253b34863c90a31b911203b3b40a31486",
                "shasum": ""
            },
            "require-dev": {
                "phpunit/phpunit": "6.4.*"
            },
            "type": "library",
            "autoload": {
                "psr-4": {
                    "Gt\\ProtectedGlobal\\": "./src/"
                }
            },
            "notification-url": "https://packagist.org/downloads/",
            "license": [
                "MIT"
            ],
            "description": "Protect against accidental use of superglobals.",
            "time": "2018-03-23T17:52:54+00:00"
        },
        {
            "name": "phpgt/session",
            "version": "dev-master",
            "source": {
                "type": "git",
                "url": "https://github.com/PhpGt/Session.git",
                "reference": "9ff25298281ff693d08a5aca99bba6ef7f46145c"
            },
            "dist": {
                "type": "zip",
                "url": "https://api.github.com/repos/PhpGt/Session/zipball/9ff25298281ff693d08a5aca99bba6ef7f46145c",
                "reference": "9ff25298281ff693d08a5aca99bba6ef7f46145c",
                "shasum": ""
            },
            "require": {
                "php": "^7.1"
            },
            "require-dev": {
                "phpunit": "^6.4"
            },
            "type": "library",
            "autoload": {
                "psr-4": {
                    "Gt\\Session\\": "./src"
                }
            },
            "notification-url": "https://packagist.org/downloads/",
            "license": [
                "MIT"
            ],
            "description": "Encapsulated user sessions.",
            "time": "2018-03-23T17:52:56+00:00"
        },
        {
            "name": "phpgt/webengine",
            "version": "dev-master",
            "source": {
                "type": "git",
                "url": "https://github.com/PhpGt/WebEngine.git",
                "reference": "e0d36734368ea886cf3ce9f916b82f6ac04cc571"
            },
            "dist": {
                "type": "zip",
                "url": "https://api.github.com/repos/PhpGt/WebEngine/zipball/e0d36734368ea886cf3ce9f916b82f6ac04cc571",
                "reference": "e0d36734368ea886cf3ce9f916b82f6ac04cc571",
                "shasum": ""
            },
            "require": {
                "phpgt/build": "dev-master",
                "phpgt/config": "dev-master",
                "phpgt/cookie": "dev-master",
                "phpgt/csrf": "dev-master",
                "phpgt/database": "dev-master",
                "phpgt/dom": "dev-master",
                "phpgt/domtemplate": "dev-master",
                "phpgt/http": "dev-master",
                "phpgt/input": "dev-master",
                "phpgt/protectedglobal": "dev-master",
                "phpgt/session": "dev-master",
                "psr/http-server-middleware": "^1.0",
                "symfony/css-selector": "3.2.*",
                "willdurand/negotiation": "^2.3"
            },
            "require-dev": {
                "phpunit/phpunit": "6.4.*"
            },
            "bin": [
                "bin/gt-build",
                "bin/gt-serve",
                "bin/gt-run"
            ],
            "type": "library",
            "autoload": {
                "psr-4": {
                    "Gt\\WebEngine\\": "./src/",
                    "Gt\\Test\\WebEngine\\": "./test/unit/"
                }
            },
            "notification-url": "https://packagist.org/downloads/",
            "license": [
                "MIT"
            ],
            "description": "Rapid development engine for PHP 7 applications.",
            "keywords": [
                "Toolbox",
                "framework",
                "gt",
                "php",
                "php.gt",
                "phpgt",
                "prototype",
                "router",
                "webengine",
                "webservice"
            ],
            "time": "2018-04-13T18:12:59+00:00"
        },
        {
            "name": "psr/http-message",
            "version": "dev-master",
            "source": {
                "type": "git",
                "url": "https://github.com/php-fig/http-message.git",
                "reference": "f6561bf28d520154e4b0ec72be95418abe6d9363"
            },
            "dist": {
                "type": "zip",
                "url": "https://api.github.com/repos/php-fig/http-message/zipball/f6561bf28d520154e4b0ec72be95418abe6d9363",
                "reference": "f6561bf28d520154e4b0ec72be95418abe6d9363",
                "shasum": ""
            },
            "require": {
                "php": ">=5.3.0"
            },
            "type": "library",
            "extra": {
                "branch-alias": {
                    "dev-master": "1.0.x-dev"
                }
            },
            "autoload": {
                "psr-4": {
                    "Psr\\Http\\Message\\": "src/"
                }
            },
            "notification-url": "https://packagist.org/downloads/",
            "license": [
                "MIT"
            ],
            "authors": [
                {
                    "name": "PHP-FIG",
                    "homepage": "http://www.php-fig.org/"
                }
            ],
            "description": "Common interface for HTTP messages",
            "homepage": "https://github.com/php-fig/http-message",
            "keywords": [
                "http",
                "http-message",
                "psr",
                "psr-7",
                "request",
                "response"
            ],
            "time": "2016-08-06T14:39:51+00:00"
        },
        {
            "name": "psr/http-server-handler",
            "version": "dev-master",
            "source": {
                "type": "git",
                "url": "https://github.com/php-fig/http-server-handler.git",
                "reference": "ede6c504a77ebc87e7256d13df5877cbf9127104"
            },
            "dist": {
                "type": "zip",
                "url": "https://api.github.com/repos/php-fig/http-server-handler/zipball/ede6c504a77ebc87e7256d13df5877cbf9127104",
                "reference": "ede6c504a77ebc87e7256d13df5877cbf9127104",
                "shasum": ""
            },
            "require": {
                "php": ">=7.0",
                "psr/http-message": "^1.0"
            },
            "type": "library",
            "extra": {
                "branch-alias": {
                    "dev-master": "1.0.x-dev"
                }
            },
            "autoload": {
                "psr-4": {
                    "Psr\\Http\\Server\\": "src/"
                }
            },
            "notification-url": "https://packagist.org/downloads/",
            "license": [
                "MIT"
            ],
            "authors": [
                {
                    "name": "PHP-FIG",
                    "homepage": "http://www.php-fig.org/"
                }
            ],
            "description": "Common interface for HTTP server-side request handler",
            "keywords": [
                "handler",
                "http",
                "http-interop",
                "psr",
                "psr-15",
                "psr-7",
                "request",
                "response",
                "server"
            ],
            "time": "2018-01-26T14:27:09+00:00"
        },
        {
            "name": "psr/http-server-middleware",
            "version": "dev-master",
            "source": {
                "type": "git",
                "url": "https://github.com/php-fig/http-server-middleware.git",
                "reference": "e01237126449cadfb66b60a5a818de9e9dde6bf3"
            },
            "dist": {
                "type": "zip",
                "url": "https://api.github.com/repos/php-fig/http-server-middleware/zipball/e01237126449cadfb66b60a5a818de9e9dde6bf3",
                "reference": "e01237126449cadfb66b60a5a818de9e9dde6bf3",
                "shasum": ""
            },
            "require": {
                "php": ">=7.0",
                "psr/http-message": "^1.0",
                "psr/http-server-handler": "^1.0"
            },
            "type": "library",
            "extra": {
                "branch-alias": {
                    "dev-master": "1.0.x-dev"
                }
            },
            "autoload": {
                "psr-4": {
                    "Psr\\Http\\Server\\": "src/"
                }
            },
            "notification-url": "https://packagist.org/downloads/",
            "license": [
                "MIT"
            ],
            "authors": [
                {
                    "name": "PHP-FIG",
                    "homepage": "http://www.php-fig.org/"
                }
            ],
            "description": "Common interface for HTTP server-side middleware",
            "keywords": [
                "http",
                "http-interop",
                "middleware",
                "psr",
                "psr-15",
                "psr-7",
                "request",
                "response"
            ],
            "time": "2018-01-22T22:18:49+00:00"
        },
        {
            "name": "symfony/css-selector",
            "version": "3.2.x-dev",
            "source": {
                "type": "git",
                "url": "https://github.com/symfony/css-selector.git",
                "reference": "02983c144038e697c959e6b06ef6666de759ccbc"
            },
            "dist": {
                "type": "zip",
                "url": "https://api.github.com/repos/symfony/css-selector/zipball/02983c144038e697c959e6b06ef6666de759ccbc",
                "reference": "02983c144038e697c959e6b06ef6666de759ccbc",
                "shasum": ""
            },
            "require": {
                "php": ">=5.5.9"
            },
            "type": "library",
            "extra": {
                "branch-alias": {
                    "dev-master": "3.2-dev"
                }
            },
            "autoload": {
                "psr-4": {
                    "Symfony\\Component\\CssSelector\\": ""
                },
                "exclude-from-classmap": [
                    "/Tests/"
                ]
            },
            "notification-url": "https://packagist.org/downloads/",
            "license": [
                "MIT"
            ],
            "authors": [
                {
                    "name": "Jean-François Simon",
                    "email": "jeanfrancois.simon@sensiolabs.com"
                },
                {
                    "name": "Fabien Potencier",
                    "email": "fabien@symfony.com"
                },
                {
                    "name": "Symfony Community",
                    "homepage": "https://symfony.com/contributors"
                }
            ],
            "description": "Symfony CssSelector Component",
            "homepage": "https://symfony.com",
            "time": "2017-05-01T14:55:58+00:00"
        },
        {
            "name": "webmozart/assert",
            "version": "dev-master",
            "source": {
                "type": "git",
                "url": "https://github.com/webmozart/assert.git",
                "reference": "0df1908962e7a3071564e857d86874dad1ef204a"
            },
            "dist": {
                "type": "zip",
                "url": "https://api.github.com/repos/webmozart/assert/zipball/0df1908962e7a3071564e857d86874dad1ef204a",
                "reference": "0df1908962e7a3071564e857d86874dad1ef204a",
                "shasum": ""
            },
            "require": {
                "php": "^5.3.3 || ^7.0"
            },
            "require-dev": {
                "phpunit/phpunit": "^4.6",
                "sebastian/version": "^1.0.1"
            },
            "type": "library",
            "extra": {
                "branch-alias": {
                    "dev-master": "1.3-dev"
                }
            },
            "autoload": {
                "psr-4": {
                    "Webmozart\\Assert\\": "src/"
                }
            },
            "notification-url": "https://packagist.org/downloads/",
            "license": [
                "MIT"
            ],
            "authors": [
                {
                    "name": "Bernhard Schussek",
                    "email": "bschussek@gmail.com"
                }
            ],
            "description": "Assertions to validate method input/output with nice error messages.",
            "keywords": [
                "assert",
                "check",
                "validate"
            ],
            "time": "2018-01-29T19:49:41+00:00"
        },
        {
            "name": "webmozart/glob",
            "version": "dev-master",
            "source": {
                "type": "git",
                "url": "https://github.com/webmozart/glob.git",
                "reference": "8da14867b709e8776d9f6272faaf844aefc695e3"
            },
            "dist": {
                "type": "zip",
                "url": "https://api.github.com/repos/webmozart/glob/zipball/8da14867b709e8776d9f6272faaf844aefc695e3",
                "reference": "8da14867b709e8776d9f6272faaf844aefc695e3",
                "shasum": ""
            },
            "require": {
                "php": "^5.3.3|^7.0",
                "webmozart/path-util": "^2.2"
            },
            "require-dev": {
                "phpunit/phpunit": "^4.6",
                "sebastian/version": "^1.0.1",
                "symfony/filesystem": "^2.5"
            },
            "type": "library",
            "extra": {
                "branch-alias": {
                    "dev-master": "4.1-dev"
                }
            },
            "autoload": {
                "psr-4": {
                    "Webmozart\\Glob\\": "src/"
                }
            },
            "notification-url": "https://packagist.org/downloads/",
            "license": [
                "MIT"
            ],
            "authors": [
                {
                    "name": "Bernhard Schussek",
                    "email": "bschussek@gmail.com"
                }
            ],
            "description": "A PHP implementation of Ant's glob.",
            "time": "2016-08-15T15:31:26+00:00"
        },
        {
            "name": "webmozart/path-util",
            "version": "dev-master",
            "source": {
                "type": "git",
                "url": "https://github.com/webmozart/path-util.git",
                "reference": "95a8f7ad150c2a3773ff3c3d04f557a24c99cfd2"
            },
            "dist": {
                "type": "zip",
                "url": "https://api.github.com/repos/webmozart/path-util/zipball/95a8f7ad150c2a3773ff3c3d04f557a24c99cfd2",
                "reference": "95a8f7ad150c2a3773ff3c3d04f557a24c99cfd2",
                "shasum": ""
            },
            "require": {
                "php": "^5.3.3|^7.0",
                "webmozart/assert": "~1.0"
            },
            "require-dev": {
                "phpunit/phpunit": "^4.6",
                "sebastian/version": "^1.0.1"
            },
            "type": "library",
            "extra": {
                "branch-alias": {
                    "dev-master": "2.3-dev"
                }
            },
            "autoload": {
                "psr-4": {
                    "Webmozart\\PathUtil\\": "src/"
                }
            },
            "notification-url": "https://packagist.org/downloads/",
            "license": [
                "MIT"
            ],
            "authors": [
                {
                    "name": "Bernhard Schussek",
                    "email": "bschussek@gmail.com"
                }
            ],
            "description": "A robust cross-platform utility for normalizing, comparing and modifying file paths.",
            "time": "2016-08-15T15:31:42+00:00"
        },
        {
            "name": "willdurand/negotiation",
            "version": "2.x-dev",
            "source": {
                "type": "git",
                "url": "https://github.com/willdurand/Negotiation.git",
                "reference": "cf78c9ac47e8e1e141bf609c71e9e2c3a7780dcf"
            },
            "dist": {
                "type": "zip",
                "url": "https://api.github.com/repos/willdurand/Negotiation/zipball/cf78c9ac47e8e1e141bf609c71e9e2c3a7780dcf",
                "reference": "cf78c9ac47e8e1e141bf609c71e9e2c3a7780dcf",
                "shasum": ""
            },
            "require": {
                "php": ">=5.4.0"
            },
            "require-dev": {
                "phpunit/phpunit": "~4.5"
            },
            "type": "library",
            "extra": {
                "branch-alias": {
                    "dev-master": "2.3-dev"
                }
            },
            "autoload": {
                "psr-4": {
                    "Negotiation\\": "src/Negotiation"
                }
            },
            "notification-url": "https://packagist.org/downloads/",
            "license": [
                "MIT"
            ],
            "authors": [
                {
                    "name": "William Durand",
                    "email": "will+git@drnd.me"
                }
            ],
            "description": "Content Negotiation tools for PHP provided as a standalone library.",
            "homepage": "http://williamdurand.fr/Negotiation/",
            "keywords": [
                "accept",
                "content",
                "format",
                "header",
                "negotiation"
            ],
            "time": "2017-08-04T15:54:30+00:00"
        }
    ],
    "packages-dev": [],
    "aliases": [],
    "minimum-stability": "dev",
    "stability-flags": {
        "phpgt/webengine": 20
    },
    "prefer-stable": false,
    "prefer-lowest": false,
    "platform": [],
    "platform-dev": []
}
